
Microsoft Visual Studio Solution File, Format Version 12.00
# Visual Studio Version 17
VisualStudioVersion = 17.7.34221.43
MinimumVisualStudioVersion = 10.0.40219.1
Project("{9A19103F-16F7-4668-BE54-9A1E7A4F7556}") = "Utapoi.Auth", "Utapoi.Auth\Utapoi.Auth.csproj", "{EF12DCFB-6E88-4B66-99AB-A9A2CAE9B367}"
EndProject
Project("{FAE04EC0-301F-11D3-BF4B-00C04F79EFBC}") = "Utapoi.Auth.Core", "Utapoi.Auth.Core\Utapoi.Auth.Core.csproj", "{46ED31C9-842C-4729-857D-ED478AD86871}"
EndProject
Project("{FAE04EC0-301F-11D3-BF4B-00C04F79EFBC}") = "Utapoi.Auth.Infrastructure", "Utapoi.Auth.Infrastructure\Utapoi.Auth.Infrastructure.csproj", "{A391E436-3CE6-4394-AE09-898FF418E657}"
EndProject
Project("{FAE04EC0-301F-11D3-BF4B-00C04F79EFBC}") = "Utapoi.Auth.Application", "Utapoi.Auth.Application\Utapoi.Auth.Application.csproj", "{C11117B6-10C8-44F2-98E7-EEACA05055A2}"
EndProject
Global
	GlobalSection(SolutionConfigurationPlatforms) = preSolution
		Debug|Any CPU = Debug|Any CPU
		Release|Any CPU = Release|Any CPU
	EndGlobalSection
	GlobalSection(ProjectConfigurationPlatforms) = postSolution
		{EF12DCFB-6E88-4B66-99AB-A9A2CAE9B367}.Debug|Any CPU.ActiveCfg = Debug|Any CPU
		{EF12DCFB-6E88-4B66-99AB-A9A2CAE9B367}.Debug|Any CPU.Build.0 = Debug|Any CPU
		{EF12DCFB-6E88-4B66-99AB-A9A2CAE9B367}.Release|Any CPU.ActiveCfg = Release|Any CPU
		{EF12DCFB-6E88-4B66-99AB-A9A2CAE9B367}.Release|Any CPU.Build.0 = Release|Any CPU
		{46ED31C9-842C-4729-857D-ED478AD86871}.Debug|Any CPU.ActiveCfg = Debug|Any CPU
		{46ED31C9-842C-4729-857D-ED478AD86871}.Debug|Any CPU.Build.0 = Debug|Any CPU
		{46ED31C9-842C-4729-857D-ED478AD86871}.Release|Any CPU.ActiveCfg = Release|Any CPU
		{46ED31C9-842C-4729-857D-ED478AD86871}.Release|Any CPU.Build.0 = Release|Any CPU
		{A391E436-3CE6-4394-AE09-898FF418E657}.Debug|Any CPU.ActiveCfg = Debug|Any CPU
		{A391E436-3CE6-4394-AE09-898FF418E657}.Debug|Any CPU.Build.0 = Debug|Any CPU
		{A391E436-3CE6-4394-AE09-898FF418E657}.Release|Any CPU.ActiveCfg = Release|Any CPU
		{A391E436-3CE6-4394-AE09-898FF418E657}.Release|Any CPU.Build.0 = Release|Any CPU
		{C11117B6-10C8-44F2-98E7-EEACA05055A2}.Debug|Any CPU.ActiveCfg = Debug|Any CPU
		{C11117B6-10C8-44F2-98E7-EEACA05055A2}.Debug|Any CPU.Build.0 = Debug|Any CPU
		{C11117B6-10C8-44F2-98E7-EEACA05055A2}.Release|Any CPU.ActiveCfg = Release|Any CPU
		{C11117B6-10C8-44F2-98E7-EEACA05055A2}.Release|Any CPU.Build.0 = Release|Any CPU
	EndGlobalSection
	GlobalSection(SolutionProperties) = preSolution
		HideSolutionNode = FALSE
	EndGlobalSection
	GlobalSection(ExtensibilityGlobals) = postSolution
		SolutionGuid = {232C6102-5DEE-4A85-9DBB-8C065D12F998}
	EndGlobalSection
EndGlobal
